
Microsoft Visual Studio Solution File, Format Version 12.00
# Visual Studio Version 17
VisualStudioVersion = 17.8.34322.80
MinimumVisualStudioVersion = 10.0.40219.1
Project("{FAE04EC0-301F-11D3-BF4B-00C04F79EFBC}") = "IngresoMarcasBPT", "IngresoMarcasBPT\IngresoMarcasBPT.csproj", "{35A8099F-A804-4FF1-8D04-958A283E212E}"
EndProject
Global
	GlobalSection(SolutionConfigurationPlatforms) = preSolution
		Debug|Any CPU = Debug|Any CPU
		Release|Any CPU = Release|Any CPU
	EndGlobalSection
	GlobalSection(ProjectConfigurationPlatforms) = postSolution
		{35A8099F-A804-4FF1-8D04-958A283E212E}.Debug|Any CPU.ActiveCfg = Debug|Any CPU
		{35A8099F-A804-4FF1-8D04-958A283E212E}.Debug|Any CPU.Build.0 = Debug|Any CPU
		{35A8099F-A804-4FF1-8D04-958A283E212E}.Release|Any CPU.ActiveCfg = Release|Any CPU
		{35A8099F-A804-4FF1-8D04-958A283E212E}.Release|Any CPU.Build.0 = Release|Any CPU
	EndGlobalSection
	GlobalSection(SolutionProperties) = preSolution
		HideSolutionNode = FALSE
	EndGlobalSection
	GlobalSection(ExtensibilityGlobals) = postSolution
		SolutionGuid = {BE785AB6-16CC-441C-AF14-32F79D78D385}
	EndGlobalSection
EndGlobal
